// !$*UTF8*$!
{
	archiveVersion = 1;
	classes = {
	};
	objectVersion = 77;
	objects = {

/* Begin PBXBuildFile section */
		3B5EC2962DF1730E0086A469 /* CombineMoya in Frameworks */ = {isa = PBXBuildFile; productRef = 3B5EC2952DF1730E0086A469 /* CombineMoya */; };
		3B5EC2982DF1730E0086A469 /* Moya in Frameworks */ = {isa = PBXBuildFile; productRef = 3B5EC2972DF1730E0086A469 /* Moya */; };
		3B5EC29A2DF1730E0086A469 /* ReactiveMoya in Frameworks */ = {isa = PBXBuildFile; productRef = 3B5EC2992DF1730E0086A469 /* ReactiveMoya */; };
		3B5EC29C2DF1730E0086A469 /* RxMoya in Frameworks */ = {isa = PBXBuildFile; productRef = 3B5EC29B2DF1730E0086A469 /* RxMoya */; };
		3B5EC2B02DF195F10086A469 /* SwiftKeychainWrapper in Frameworks */ = {isa = PBXBuildFile; productRef = 3B5EC2AF2DF195F10086A469 /* SwiftKeychainWrapper */; };
		3B5EC3052E0C15480086A469 /* FriendApi.swift in Sources */ = {isa = PBXBuildFile; fileRef = 3B5EC2DA2E0C15480086A469 /* FriendApi.swift */; };
		3B5EC3062E0C15480086A469 /* FriendModel.swift in Sources */ = {isa = PBXBuildFile; fileRef = 3B5EC2DB2E0C15480086A469 /* FriendModel.swift */; };
		3B5EC3072E0C15480086A469 /* FriendViewModel.swift in Sources */ = {isa = PBXBuildFile; fileRef = 3B5EC2DC2E0C15480086A469 /* FriendViewModel.swift */; };
		3B5EC3082E0C15480086A469 /* FriendSearchView.swift in Sources */ = {isa = PBXBuildFile; fileRef = 3B5EC2DE2E0C15480086A469 /* FriendSearchView.swift */; };
		3B5EC3092E0C15480086A469 /* FriendView.swift in Sources */ = {isa = PBXBuildFile; fileRef = 3B5EC2DF2E0C15480086A469 /* FriendView.swift */; };
		3B5EC30A2E0C15480086A469 /* HomeView.swift in Sources */ = {isa = PBXBuildFile; fileRef = 3B5EC2E22E0C15480086A469 /* HomeView.swift */; };
		3B5EC30B2E0C15480086A469 /* AuthAPI.swift in Sources */ = {isa = PBXBuildFile; fileRef = 3B5EC2E42E0C15480086A469 /* AuthAPI.swift */; };
		3B5EC30C2E0C15480086A469 /* AuthModel.swift in Sources */ = {isa = PBXBuildFile; fileRef = 3B5EC2E52E0C15480086A469 /* AuthModel.swift */; };
		3B5EC30D2E0C15480086A469 /* AuthViewModel.swift in Sources */ = {isa = PBXBuildFile; fileRef = 3B5EC2E62E0C15480086A469 /* AuthViewModel.swift */; };
		3B5EC30E2E0C15480086A469 /* KeychainManager.swift in Sources */ = {isa = PBXBuildFile; fileRef = 3B5EC2E72E0C15480086A469 /* KeychainManager.swift */; };
		3B5EC30F2E0C15480086A469 /* LoginView.swift in Sources */ = {isa = PBXBuildFile; fileRef = 3B5EC2E92E0C15480086A469 /* LoginView.swift */; };
		3B5EC3102E0C15480086A469 /* PasswordResetView.swift in Sources */ = {isa = PBXBuildFile; fileRef = 3B5EC2EA2E0C15480086A469 /* PasswordResetView.swift */; };
		3B5EC3112E0C15480086A469 /* SchoolAuthView.swift in Sources */ = {isa = PBXBuildFile; fileRef = 3B5EC2EB2E0C15480086A469 /* SchoolAuthView.swift */; };
		3B5EC3122E0C15480086A469 /* SignUpView.swift in Sources */ = {isa = PBXBuildFile; fileRef = 3B5EC2EC2E0C15480086A469 /* SignUpView.swift */; };
		3B5EC3132E0C15480086A469 /* TermsAgreementView.swift in Sources */ = {isa = PBXBuildFile; fileRef = 3B5EC2ED2E0C15480086A469 /* TermsAgreementView.swift */; };
		3B5EC3142E0C15480086A469 /* SettingView.swift in Sources */ = {isa = PBXBuildFile; fileRef = 3B5EC2F02E0C15480086A469 /* SettingView.swift */; };
		3B5EC3152E0C15480086A469 /* TimetableApi.swift in Sources */ = {isa = PBXBuildFile; fileRef = 3B5EC2F22E0C15480086A469 /* TimetableApi.swift */; };
		3B5EC3162E0C15480086A469 /* TimetableModel.swift in Sources */ = {isa = PBXBuildFile; fileRef = 3B5EC2F32E0C15480086A469 /* TimetableModel.swift */; };
		3B5EC3172E0C15480086A469 /* TimetableViewModel.swift in Sources */ = {isa = PBXBuildFile; fileRef = 3B5EC2F42E0C15480086A469 /* TimetableViewModel.swift */; };
		3B5EC3182E0C15480086A469 /* AutoCreateTimetableView.swift in Sources */ = {isa = PBXBuildFile; fileRef = 3B5EC2F62E0C15480086A469 /* AutoCreateTimetableView.swift */; };
		3B5EC3192E0C15480086A469 /* CreateTimetableView.swift in Sources */ = {isa = PBXBuildFile; fileRef = 3B5EC2F72E0C15480086A469 /* CreateTimetableView.swift */; };
		3B5EC31A2E0C15480086A469 /* SelectExcludeTimeView.swift in Sources */ = {isa = PBXBuildFile; fileRef = 3B5EC2F82E0C15480086A469 /* SelectExcludeTimeView.swift */; };
		3B5EC31B2E0C15480086A469 /* SelectLikeLecturesView.swift in Sources */ = {isa = PBXBuildFile; fileRef = 3B5EC2F92E0C15480086A469 /* SelectLikeLecturesView.swift */; };
		3B5EC31C2E0C15480086A469 /* TimetableView.swift in Sources */ = {isa = PBXBuildFile; fileRef = 3B5EC2FA2E0C15480086A469 /* TimetableView.swift */; };
		3B5EC31E2E0C15480086A469 /* TimetableView2.swift in Sources */ = {isa = PBXBuildFile; fileRef = 3B5EC2FC2E0C15480086A469 /* TimetableView2.swift */; };
		3B5EC31F2E0C15480086A469 /* AutoTimetableApp.swift in Sources */ = {isa = PBXBuildFile; fileRef = 3B5EC3012E0C15480086A469 /* AutoTimetableApp.swift */; };
		3B5EC3202E0C15480086A469 /* ContentView.swift in Sources */ = {isa = PBXBuildFile; fileRef = 3B5EC3022E0C15480086A469 /* ContentView.swift */; };
		3B5EC3212E0C15480086A469 /* SwiftUIView.swift in Sources */ = {isa = PBXBuildFile; fileRef = 3B5EC3032E0C15480086A469 /* SwiftUIView.swift */; };
		3B5EC3222E0C15480086A469 /* Assets.xcassets in Resources */ = {isa = PBXBuildFile; fileRef = 3B5EC2FF2E0C15480086A469 /* Assets.xcassets */; };
		3B5EC3262E0C20B40086A469 /* SearchBarView.swift in Sources */ = {isa = PBXBuildFile; fileRef = 3B5EC3252E0C20B40086A469 /* SearchBarView.swift */; };
		3B5EC3282E0D19610086A469 /* MakedTimetableView.swift in Sources */ = {isa = PBXBuildFile; fileRef = 3B5EC3272E0D19610086A469 /* MakedTimetableView.swift */; };
		3B5EC32A2E0D84510086A469 /* SavedYearAndSemesterView.swift in Sources */ = {isa = PBXBuildFile; fileRef = 3B5EC3292E0D84510086A469 /* SavedYearAndSemesterView.swift */; };
		3B5EC32C2E0E87890086A469 /* CustomCreateTimetableView.swift in Sources */ = {isa = PBXBuildFile; fileRef = 3B5EC32B2E0E87890086A469 /* CustomCreateTimetableView.swift */; };
		3B5EC32E2E0EEFCE0086A469 /* SavedTimetableView.swift in Sources */ = {isa = PBXBuildFile; fileRef = 3B5EC32D2E0EEFCE0086A469 /* SavedTimetableView.swift */; };
		3B5EC3302E0FFA280086A469 /* ActionCardButton.swift in Sources */ = {isa = PBXBuildFile; fileRef = 3B5EC32F2E0FFA280086A469 /* ActionCardButton.swift */; };
		3B5EC3322E1103710086A469 /* EveryTimeMappingView.swift in Sources */ = {isa = PBXBuildFile; fileRef = 3B5EC3312E1103710086A469 /* EveryTimeMappingView.swift */; };
		3BEB2B732E1785A000ABF7DD /* GenerateTimetableViewModel.swift in Sources */ = {isa = PBXBuildFile; fileRef = 3BEB2B722E1785A000ABF7DD /* GenerateTimetableViewModel.swift */; };
		3BEB2B7A2E1C326C00ABF7DD /* AuthPlugin.swift in Sources */ = {isa = PBXBuildFile; fileRef = 3BEB2B792E1C326C00ABF7DD /* AuthPlugin.swift */; };
		3BEB2B7D2E1E26A500ABF7DD /* Modifier.swift in Sources */ = {isa = PBXBuildFile; fileRef = 3BEB2B7C2E1E26A500ABF7DD /* Modifier.swift */; };
		3BEB2B812E1E4A4200ABF7DD /* FriendListVIew.swift in Sources */ = {isa = PBXBuildFile; fileRef = 3BEB2B802E1E4A4200ABF7DD /* FriendListVIew.swift */; };
		3BEB2B832E1EB9C600ABF7DD /* TimetableOptionView.swift in Sources */ = {isa = PBXBuildFile; fileRef = 3BEB2B822E1EB9C600ABF7DD /* TimetableOptionView.swift */; };
		3BEB2B852E1F9FFF00ABF7DD /* CompareView.swift in Sources */ = {isa = PBXBuildFile; fileRef = 3BEB2B842E1F9FFF00ABF7DD /* CompareView.swift */; };
/* End PBXBuildFile section */

/* Begin PBXContainerItemProxy section */
		3B8D89F52DEEC37E00AE1944 /* PBXContainerItemProxy */ = {
			isa = PBXContainerItemProxy;
			containerPortal = 3B8D89DE2DEEC37C00AE1944 /* Project object */;
			proxyType = 1;
			remoteGlobalIDString = 3B8D89E52DEEC37D00AE1944;
			remoteInfo = AutoTimetable;
		};
		3B8D89FF2DEEC37E00AE1944 /* PBXContainerItemProxy */ = {
			isa = PBXContainerItemProxy;
			containerPortal = 3B8D89DE2DEEC37C00AE1944 /* Project object */;
			proxyType = 1;
			remoteGlobalIDString = 3B8D89E52DEEC37D00AE1944;
			remoteInfo = AutoTimetable;
		};
/* End PBXContainerItemProxy section */

/* Begin PBXFileReference section */
		3B5EC2DA2E0C15480086A469 /* FriendApi.swift */ = {isa = PBXFileReference; lastKnownFileType = sourcecode.swift; path = FriendApi.swift; sourceTree = "<group>"; };
		3B5EC2DB2E0C15480086A469 /* FriendModel.swift */ = {isa = PBXFileReference; lastKnownFileType = sourcecode.swift; path = FriendModel.swift; sourceTree = "<group>"; };
		3B5EC2DC2E0C15480086A469 /* FriendViewModel.swift */ = {isa = PBXFileReference; lastKnownFileType = sourcecode.swift; path = FriendViewModel.swift; sourceTree = "<group>"; };
		3B5EC2DE2E0C15480086A469 /* FriendSearchView.swift */ = {isa = PBXFileReference; lastKnownFileType = sourcecode.swift; path = FriendSearchView.swift; sourceTree = "<group>"; };
		3B5EC2DF2E0C15480086A469 /* FriendView.swift */ = {isa = PBXFileReference; lastKnownFileType = sourcecode.swift; path = FriendView.swift; sourceTree = "<group>"; };
		3B5EC2E22E0C15480086A469 /* HomeView.swift */ = {isa = PBXFileReference; lastKnownFileType = sourcecode.swift; path = HomeView.swift; sourceTree = "<group>"; };
		3B5EC2E42E0C15480086A469 /* AuthAPI.swift */ = {isa = PBXFileReference; lastKnownFileType = sourcecode.swift; path = AuthAPI.swift; sourceTree = "<group>"; };
		3B5EC2E52E0C15480086A469 /* AuthModel.swift */ = {isa = PBXFileReference; lastKnownFileType = sourcecode.swift; path = AuthModel.swift; sourceTree = "<group>"; };
		3B5EC2E62E0C15480086A469 /* AuthViewModel.swift */ = {isa = PBXFileReference; lastKnownFileType = sourcecode.swift; path = AuthViewModel.swift; sourceTree = "<group>"; };
		3B5EC2E72E0C15480086A469 /* KeychainManager.swift */ = {isa = PBXFileReference; lastKnownFileType = sourcecode.swift; path = KeychainManager.swift; sourceTree = "<group>"; };
		3B5EC2E92E0C15480086A469 /* LoginView.swift */ = {isa = PBXFileReference; lastKnownFileType = sourcecode.swift; path = LoginView.swift; sourceTree = "<group>"; };
		3B5EC2EA2E0C15480086A469 /* PasswordResetView.swift */ = {isa = PBXFileReference; lastKnownFileType = sourcecode.swift; path = PasswordResetView.swift; sourceTree = "<group>"; };
		3B5EC2EB2E0C15480086A469 /* SchoolAuthView.swift */ = {isa = PBXFileReference; lastKnownFileType = sourcecode.swift; path = SchoolAuthView.swift; sourceTree = "<group>"; };
		3B5EC2EC2E0C15480086A469 /* SignUpView.swift */ = {isa = PBXFileReference; lastKnownFileType = sourcecode.swift; path = SignUpView.swift; sourceTree = "<group>"; };
		3B5EC2ED2E0C15480086A469 /* TermsAgreementView.swift */ = {isa = PBXFileReference; lastKnownFileType = sourcecode.swift; path = TermsAgreementView.swift; sourceTree = "<group>"; };
		3B5EC2F02E0C15480086A469 /* SettingView.swift */ = {isa = PBXFileReference; lastKnownFileType = sourcecode.swift; path = SettingView.swift; sourceTree = "<group>"; };
		3B5EC2F22E0C15480086A469 /* TimetableApi.swift */ = {isa = PBXFileReference; lastKnownFileType = sourcecode.swift; path = TimetableApi.swift; sourceTree = "<group>"; };
		3B5EC2F32E0C15480086A469 /* TimetableModel.swift */ = {isa = PBXFileReference; lastKnownFileType = sourcecode.swift; path = TimetableModel.swift; sourceTree = "<group>"; };
		3B5EC2F42E0C15480086A469 /* TimetableViewModel.swift */ = {isa = PBXFileReference; lastKnownFileType = sourcecode.swift; path = TimetableViewModel.swift; sourceTree = "<group>"; };
		3B5EC2F62E0C15480086A469 /* AutoCreateTimetableView.swift */ = {isa = PBXFileReference; lastKnownFileType = sourcecode.swift; path = AutoCreateTimetableView.swift; sourceTree = "<group>"; };
		3B5EC2F72E0C15480086A469 /* CreateTimetableView.swift */ = {isa = PBXFileReference; lastKnownFileType = sourcecode.swift; path = CreateTimetableView.swift; sourceTree = "<group>"; };
		3B5EC2F82E0C15480086A469 /* SelectExcludeTimeView.swift */ = {isa = PBXFileReference; lastKnownFileType = sourcecode.swift; path = SelectExcludeTimeView.swift; sourceTree = "<group>"; };
		3B5EC2F92E0C15480086A469 /* SelectLikeLecturesView.swift */ = {isa = PBXFileReference; lastKnownFileType = sourcecode.swift; path = SelectLikeLecturesView.swift; sourceTree = "<group>"; };
		3B5EC2FA2E0C15480086A469 /* TimetableView.swift */ = {isa = PBXFileReference; lastKnownFileType = sourcecode.swift; path = TimetableView.swift; sourceTree = "<group>"; };
		3B5EC2FC2E0C15480086A469 /* TimetableView2.swift */ = {isa = PBXFileReference; lastKnownFileType = sourcecode.swift; path = TimetableView2.swift; sourceTree = "<group>"; };
		3B5EC2FF2E0C15480086A469 /* Assets.xcassets */ = {isa = PBXFileReference; lastKnownFileType = folder.assetcatalog; path = Assets.xcassets; sourceTree = "<group>"; };
		3B5EC3002E0C15480086A469 /* AutoTimetable.entitlements */ = {isa = PBXFileReference; lastKnownFileType = text.plist.entitlements; path = AutoTimetable.entitlements; sourceTree = "<group>"; };
		3B5EC3012E0C15480086A469 /* AutoTimetableApp.swift */ = {isa = PBXFileReference; lastKnownFileType = sourcecode.swift; path = AutoTimetableApp.swift; sourceTree = "<group>"; };
		3B5EC3022E0C15480086A469 /* ContentView.swift */ = {isa = PBXFileReference; lastKnownFileType = sourcecode.swift; path = ContentView.swift; sourceTree = "<group>"; };
		3B5EC3032E0C15480086A469 /* SwiftUIView.swift */ = {isa = PBXFileReference; lastKnownFileType = sourcecode.swift; path = SwiftUIView.swift; sourceTree = "<group>"; };
		3B5EC3252E0C20B40086A469 /* SearchBarView.swift */ = {isa = PBXFileReference; lastKnownFileType = sourcecode.swift; path = SearchBarView.swift; sourceTree = "<group>"; };
		3B5EC3272E0D19610086A469 /* MakedTimetableView.swift */ = {isa = PBXFileReference; lastKnownFileType = sourcecode.swift; path = MakedTimetableView.swift; sourceTree = "<group>"; };
		3B5EC3292E0D84510086A469 /* SavedYearAndSemesterView.swift */ = {isa = PBXFileReference; lastKnownFileType = sourcecode.swift; path = SavedYearAndSemesterView.swift; sourceTree = "<group>"; };
		3B5EC32B2E0E87890086A469 /* CustomCreateTimetableView.swift */ = {isa = PBXFileReference; lastKnownFileType = sourcecode.swift; path = CustomCreateTimetableView.swift; sourceTree = "<group>"; };
		3B5EC32D2E0EEFCE0086A469 /* SavedTimetableView.swift */ = {isa = PBXFileReference; lastKnownFileType = sourcecode.swift; path = SavedTimetableView.swift; sourceTree = "<group>"; };
		3B5EC32F2E0FFA280086A469 /* ActionCardButton.swift */ = {isa = PBXFileReference; lastKnownFileType = sourcecode.swift; path = ActionCardButton.swift; sourceTree = "<group>"; };
		3B5EC3312E1103710086A469 /* EveryTimeMappingView.swift */ = {isa = PBXFileReference; lastKnownFileType = sourcecode.swift; path = EveryTimeMappingView.swift; sourceTree = "<group>"; };
		3B8D89E62DEEC37D00AE1944 /* AutoTimetable.app */ = {isa = PBXFileReference; explicitFileType = wrapper.application; includeInIndex = 0; path = AutoTimetable.app; sourceTree = BUILT_PRODUCTS_DIR; };
		3B8D89F42DEEC37E00AE1944 /* AutoTimetableTests.xctest */ = {isa = PBXFileReference; explicitFileType = wrapper.cfbundle; includeInIndex = 0; path = AutoTimetableTests.xctest; sourceTree = BUILT_PRODUCTS_DIR; };
		3B8D89FE2DEEC37E00AE1944 /* AutoTimetableUITests.xctest */ = {isa = PBXFileReference; explicitFileType = wrapper.cfbundle; includeInIndex = 0; path = AutoTimetableUITests.xctest; sourceTree = BUILT_PRODUCTS_DIR; };
		3BEB2B722E1785A000ABF7DD /* GenerateTimetableViewModel.swift */ = {isa = PBXFileReference; lastKnownFileType = sourcecode.swift; path = GenerateTimetableViewModel.swift; sourceTree = "<group>"; };
		3BEB2B792E1C326C00ABF7DD /* AuthPlugin.swift */ = {isa = PBXFileReference; lastKnownFileType = sourcecode.swift; path = AuthPlugin.swift; sourceTree = "<group>"; };
		3BEB2B7C2E1E26A500ABF7DD /* Modifier.swift */ = {isa = PBXFileReference; lastKnownFileType = sourcecode.swift; path = Modifier.swift; sourceTree = "<group>"; };
		3BEB2B802E1E4A4200ABF7DD /* FriendListVIew.swift */ = {isa = PBXFileReference; lastKnownFileType = sourcecode.swift; path = FriendListVIew.swift; sourceTree = "<group>"; };
		3BEB2B822E1EB9C600ABF7DD /* TimetableOptionView.swift */ = {isa = PBXFileReference; lastKnownFileType = sourcecode.swift; path = TimetableOptionView.swift; sourceTree = "<group>"; };
		3BEB2B842E1F9FFF00ABF7DD /* CompareView.swift */ = {isa = PBXFileReference; lastKnownFileType = sourcecode.swift; path = CompareView.swift; sourceTree = "<group>"; };
		3BEB2B862E22540200ABF7DD /* Info.plist */ = {isa = PBXFileReference; lastKnownFileType = text.plist; path = Info.plist; sourceTree = "<group>"; };
/* End PBXFileReference section */

/* Begin PBXFileSystemSynchronizedRootGroup section */
		3B8D89F72DEEC37E00AE1944 /* AutoTimetableTests */ = {
			isa = PBXFileSystemSynchronizedRootGroup;
			path = AutoTimetableTests;
			sourceTree = "<group>";
		};
		3B8D8A012DEEC37E00AE1944 /* AutoTimetableUITests */ = {
			isa = PBXFileSystemSynchronizedRootGroup;
			path = AutoTimetableUITests;
			sourceTree = "<group>";
		};
/* End PBXFileSystemSynchronizedRootGroup section */

/* Begin PBXFrameworksBuildPhase section */
		3B8D89E32DEEC37D00AE1944 /* Frameworks */ = {
			isa = PBXFrameworksBuildPhase;
			buildActionMask = 2147483647;
			files = (
				3B5EC2982DF1730E0086A469 /* Moya in Frameworks */,
				3B5EC2962DF1730E0086A469 /* CombineMoya in Frameworks */,
				3B5EC2B02DF195F10086A469 /* SwiftKeychainWrapper in Frameworks */,
				3B5EC29C2DF1730E0086A469 /* RxMoya in Frameworks */,
				3B5EC29A2DF1730E0086A469 /* ReactiveMoya in Frameworks */,
			);
			runOnlyForDeploymentPostprocessing = 0;
		};
		3B8D89F12DEEC37E00AE1944 /* Frameworks */ = {
			isa = PBXFrameworksBuildPhase;
			buildActionMask = 2147483647;
			files = (
			);
			runOnlyForDeploymentPostprocessing = 0;
		};
		3B8D89FB2DEEC37E00AE1944 /* Frameworks */ = {
			isa = PBXFrameworksBuildPhase;
			buildActionMask = 2147483647;
			files = (
			);
			runOnlyForDeploymentPostprocessing = 0;
		};
/* End PBXFrameworksBuildPhase section */

/* Begin PBXGroup section */
		3B5EC2DD2E0C15480086A469 /* Networking */ = {
			isa = PBXGroup;
			children = (
				3B5EC2DA2E0C15480086A469 /* FriendApi.swift */,
				3B5EC2DB2E0C15480086A469 /* FriendModel.swift */,
				3B5EC2DC2E0C15480086A469 /* FriendViewModel.swift */,
			);
			path = Networking;
			sourceTree = "<group>";
		};
		3B5EC2E02E0C15480086A469 /* View */ = {
			isa = PBXGroup;
			children = (
				3B5EC2DF2E0C15480086A469 /* FriendView.swift */,
				3BEB2B802E1E4A4200ABF7DD /* FriendListVIew.swift */,
				3B5EC2DE2E0C15480086A469 /* FriendSearchView.swift */,
				3BEB2B842E1F9FFF00ABF7DD /* CompareView.swift */,
			);
			path = View;
			sourceTree = "<group>";
		};
		3B5EC2E12E0C15480086A469 /* Friend */ = {
			isa = PBXGroup;
			children = (
				3B5EC2DD2E0C15480086A469 /* Networking */,
				3B5EC2E02E0C15480086A469 /* View */,
			);
			path = Friend;
			sourceTree = "<group>";
		};
		3B5EC2E32E0C15480086A469 /* Home */ = {
			isa = PBXGroup;
			children = (
				3B5EC2E22E0C15480086A469 /* HomeView.swift */,
			);
			path = Home;
			sourceTree = "<group>";
		};
		3B5EC2E82E0C15480086A469 /* Networking */ = {
			isa = PBXGroup;
			children = (
				3B5EC2E42E0C15480086A469 /* AuthAPI.swift */,
				3B5EC2E52E0C15480086A469 /* AuthModel.swift */,
				3B5EC2E62E0C15480086A469 /* AuthViewModel.swift */,
				3B5EC2E72E0C15480086A469 /* KeychainManager.swift */,
				3BEB2B792E1C326C00ABF7DD /* AuthPlugin.swift */,
			);
			path = Networking;
			sourceTree = "<group>";
		};
		3B5EC2EE2E0C15480086A469 /* View */ = {
			isa = PBXGroup;
			children = (
				3B5EC2E92E0C15480086A469 /* LoginView.swift */,
				3B5EC2EA2E0C15480086A469 /* PasswordResetView.swift */,
				3B5EC2EC2E0C15480086A469 /* SignUpView.swift */,
				3B5EC2EB2E0C15480086A469 /* SchoolAuthView.swift */,
				3B5EC2ED2E0C15480086A469 /* TermsAgreementView.swift */,
			);
			path = View;
			sourceTree = "<group>";
		};
		3B5EC2EF2E0C15480086A469 /* Login */ = {
			isa = PBXGroup;
			children = (
				3BEB2B7B2E1E268F00ABF7DD /* Component */,
				3B5EC2E82E0C15480086A469 /* Networking */,
				3B5EC2EE2E0C15480086A469 /* View */,
			);
			path = Login;
			sourceTree = "<group>";
		};
		3B5EC2F12E0C15480086A469 /* Setting */ = {
			isa = PBXGroup;
			children = (
				3B5EC2F02E0C15480086A469 /* SettingView.swift */,
			);
			path = Setting;
			sourceTree = "<group>";
		};
		3B5EC2F52E0C15480086A469 /* Networking */ = {
			isa = PBXGroup;
			children = (
				3B5EC2F22E0C15480086A469 /* TimetableApi.swift */,
				3B5EC2F32E0C15480086A469 /* TimetableModel.swift */,
				3B5EC2F42E0C15480086A469 /* TimetableViewModel.swift */,
				3BEB2B722E1785A000ABF7DD /* GenerateTimetableViewModel.swift */,
			);
			path = Networking;
			sourceTree = "<group>";
		};
		3B5EC2FD2E0C15480086A469 /* View */ = {
			isa = PBXGroup;
			children = (
				3BEB2B782E1794A600ABF7DD /* everytime */,
				3BEB2B772E178E7E00ABF7DD /* custom */,
				3BEB2B762E178C9E00ABF7DD /* auto */,
				3B5EC2FC2E0C15480086A469 /* TimetableView2.swift */,
				3B5EC3292E0D84510086A469 /* SavedYearAndSemesterView.swift */,
				3B5EC32D2E0EEFCE0086A469 /* SavedTimetableView.swift */,
				3B5EC2F72E0C15480086A469 /* CreateTimetableView.swift */,
			);
			path = View;
			sourceTree = "<group>";
		};
		3B5EC2FE2E0C15480086A469 /* Timetable */ = {
			isa = PBXGroup;
			children = (
				3B5EC3242E0C209B0086A469 /* Component */,
				3B5EC2F52E0C15480086A469 /* Networking */,
				3B5EC2FD2E0C15480086A469 /* View */,
			);
			path = Timetable;
			sourceTree = "<group>";
		};
		3B5EC3042E0C15480086A469 /* AutoTimetable */ = {
			isa = PBXGroup;
			children = (
				3BEB2B862E22540200ABF7DD /* Info.plist */,
				3B5EC2E12E0C15480086A469 /* Friend */,
				3B5EC2E32E0C15480086A469 /* Home */,
				3B5EC2EF2E0C15480086A469 /* Login */,
				3B5EC2F12E0C15480086A469 /* Setting */,
				3B5EC2FE2E0C15480086A469 /* Timetable */,
				3B5EC2FF2E0C15480086A469 /* Assets.xcassets */,
				3B5EC3002E0C15480086A469 /* AutoTimetable.entitlements */,
				3B5EC3012E0C15480086A469 /* AutoTimetableApp.swift */,
				3B5EC3022E0C15480086A469 /* ContentView.swift */,
				3B5EC3032E0C15480086A469 /* SwiftUIView.swift */,
			);
			path = AutoTimetable;
			sourceTree = "<group>";
		};
		3B5EC3242E0C209B0086A469 /* Component */ = {
			isa = PBXGroup;
			children = (
				3B5EC2FA2E0C15480086A469 /* TimetableView.swift */,
				3B5EC3252E0C20B40086A469 /* SearchBarView.swift */,
				3B5EC32F2E0FFA280086A469 /* ActionCardButton.swift */,
			);
			path = Component;
			sourceTree = "<group>";
		};
		3B8D89DD2DEEC37C00AE1944 = {
			isa = PBXGroup;
			children = (
				3B5EC3042E0C15480086A469 /* AutoTimetable */,
				3B8D89F72DEEC37E00AE1944 /* AutoTimetableTests */,
				3B8D8A012DEEC37E00AE1944 /* AutoTimetableUITests */,
				3B8D89E72DEEC37D00AE1944 /* Products */,
			);
			sourceTree = "<group>";
		};
		3B8D89E72DEEC37D00AE1944 /* Products */ = {
			isa = PBXGroup;
			children = (
				3B8D89E62DEEC37D00AE1944 /* AutoTimetable.app */,
				3B8D89F42DEEC37E00AE1944 /* AutoTimetableTests.xctest */,
				3B8D89FE2DEEC37E00AE1944 /* AutoTimetableUITests.xctest */,
			);
			name = Products;
			sourceTree = "<group>";
		};
		3BEB2B762E178C9E00ABF7DD /* auto */ = {
			isa = PBXGroup;
			children = (
				3B5EC2F62E0C15480086A469 /* AutoCreateTimetableView.swift */,
				3B5EC2F92E0C15480086A469 /* SelectLikeLecturesView.swift */,
				3B5EC2F82E0C15480086A469 /* SelectExcludeTimeView.swift */,
				3BEB2B822E1EB9C600ABF7DD /* TimetableOptionView.swift */,
				3B5EC3272E0D19610086A469 /* MakedTimetableView.swift */,
			);
			path = auto;
			sourceTree = "<group>";
		};
		3BEB2B772E178E7E00ABF7DD /* custom */ = {
			isa = PBXGroup;
			children = (
				3B5EC32B2E0E87890086A469 /* CustomCreateTimetableView.swift */,
			);
			path = custom;
			sourceTree = "<group>";
		};
		3BEB2B782E1794A600ABF7DD /* everytime */ = {
			isa = PBXGroup;
			children = (
				3B5EC3312E1103710086A469 /* EveryTimeMappingView.swift */,
			);
			path = everytime;
			sourceTree = "<group>";
		};
		3BEB2B7B2E1E268F00ABF7DD /* Component */ = {
			isa = PBXGroup;
			children = (
				3BEB2B7C2E1E26A500ABF7DD /* Modifier.swift */,
			);
			path = Component;
			sourceTree = "<group>";
		};
/* End PBXGroup section */

/* Begin PBXNativeTarget section */
		3B8D89E52DEEC37D00AE1944 /* AutoTimetable */ = {
			isa = PBXNativeTarget;
			buildConfigurationList = 3B8D8A082DEEC37E00AE1944 /* Build configuration list for PBXNativeTarget "AutoTimetable" */;
			buildPhases = (
				3B8D89E22DEEC37D00AE1944 /* Sources */,
				3B8D89E32DEEC37D00AE1944 /* Frameworks */,
				3B8D89E42DEEC37D00AE1944 /* Resources */,
			);
			buildRules = (
			);
			dependencies = (
			);
			name = AutoTimetable;
			packageProductDependencies = (
				3B5EC2952DF1730E0086A469 /* CombineMoya */,
				3B5EC2972DF1730E0086A469 /* Moya */,
				3B5EC2992DF1730E0086A469 /* ReactiveMoya */,
				3B5EC29B2DF1730E0086A469 /* RxMoya */,
				3B5EC2AF2DF195F10086A469 /* SwiftKeychainWrapper */,
			);
			productName = AutoTimetable;
			productReference = 3B8D89E62DEEC37D00AE1944 /* AutoTimetable.app */;
			productType = "com.apple.product-type.application";
		};
		3B8D89F32DEEC37E00AE1944 /* AutoTimetableTests */ = {
			isa = PBXNativeTarget;
			buildConfigurationList = 3B8D8A0B2DEEC37E00AE1944 /* Build configuration list for PBXNativeTarget "AutoTimetableTests" */;
			buildPhases = (
				3B8D89F02DEEC37E00AE1944 /* Sources */,
				3B8D89F12DEEC37E00AE1944 /* Frameworks */,
				3B8D89F22DEEC37E00AE1944 /* Resources */,
			);
			buildRules = (
			);
			dependencies = (
				3B8D89F62DEEC37E00AE1944 /* PBXTargetDependency */,
			);
			fileSystemSynchronizedGroups = (
				3B8D89F72DEEC37E00AE1944 /* AutoTimetableTests */,
			);
			name = AutoTimetableTests;
			packageProductDependencies = (
			);
			productName = AutoTimetableTests;
			productReference = 3B8D89F42DEEC37E00AE1944 /* AutoTimetableTests.xctest */;
			productType = "com.apple.product-type.bundle.unit-test";
		};
		3B8D89FD2DEEC37E00AE1944 /* AutoTimetableUITests */ = {
			isa = PBXNativeTarget;
			buildConfigurationList = 3B8D8A0E2DEEC37E00AE1944 /* Build configuration list for PBXNativeTarget "AutoTimetableUITests" */;
			buildPhases = (
				3B8D89FA2DEEC37E00AE1944 /* Sources */,
				3B8D89FB2DEEC37E00AE1944 /* Frameworks */,
				3B8D89FC2DEEC37E00AE1944 /* Resources */,
			);
			buildRules = (
			);
			dependencies = (
				3B8D8A002DEEC37E00AE1944 /* PBXTargetDependency */,
			);
			fileSystemSynchronizedGroups = (
				3B8D8A012DEEC37E00AE1944 /* AutoTimetableUITests */,
			);
			name = AutoTimetableUITests;
			packageProductDependencies = (
			);
			productName = AutoTimetableUITests;
			productReference = 3B8D89FE2DEEC37E00AE1944 /* AutoTimetableUITests.xctest */;
			productType = "com.apple.product-type.bundle.ui-testing";
		};
/* End PBXNativeTarget section */

/* Begin PBXProject section */
		3B8D89DE2DEEC37C00AE1944 /* Project object */ = {
			isa = PBXProject;
			attributes = {
				BuildIndependentTargetsInParallel = 1;
				LastSwiftUpdateCheck = 1640;
				LastUpgradeCheck = 1640;
				TargetAttributes = {
					3B8D89E52DEEC37D00AE1944 = {
						CreatedOnToolsVersion = 16.4;
					};
					3B8D89F32DEEC37E00AE1944 = {
						CreatedOnToolsVersion = 16.4;
						TestTargetID = 3B8D89E52DEEC37D00AE1944;
					};
					3B8D89FD2DEEC37E00AE1944 = {
						CreatedOnToolsVersion = 16.4;
						TestTargetID = 3B8D89E52DEEC37D00AE1944;
					};
				};
			};
			buildConfigurationList = 3B8D89E12DEEC37C00AE1944 /* Build configuration list for PBXProject "AutoTimetable" */;
			developmentRegion = en;
			hasScannedForEncodings = 0;
			knownRegions = (
				en,
				Base,
			);
			mainGroup = 3B8D89DD2DEEC37C00AE1944;
			minimizedProjectReferenceProxies = 1;
			packageReferences = (
				3B5EC2942DF1730E0086A469 /* XCRemoteSwiftPackageReference "Moya" */,
				3B5EC2AE2DF195F10086A469 /* XCRemoteSwiftPackageReference "SwiftKeychainWrapper" */,
			);
			preferredProjectObjectVersion = 77;
			productRefGroup = 3B8D89E72DEEC37D00AE1944 /* Products */;
			projectDirPath = "";
			projectRoot = "";
			targets = (
				3B8D89E52DEEC37D00AE1944 /* AutoTimetable */,
				3B8D89F32DEEC37E00AE1944 /* AutoTimetableTests */,
				3B8D89FD2DEEC37E00AE1944 /* AutoTimetableUITests */,
			);
		};
/* End PBXProject section */

/* Begin PBXResourcesBuildPhase section */
		3B8D89E42DEEC37D00AE1944 /* Resources */ = {
			isa = PBXResourcesBuildPhase;
			buildActionMask = 2147483647;
			files = (
				3B5EC3222E0C15480086A469 /* Assets.xcassets in Resources */,
			);
			runOnlyForDeploymentPostprocessing = 0;
		};
		3B8D89F22DEEC37E00AE1944 /* Resources */ = {
			isa = PBXResourcesBuildPhase;
			buildActionMask = 2147483647;
			files = (
			);
			runOnlyForDeploymentPostprocessing = 0;
		};
		3B8D89FC2DEEC37E00AE1944 /* Resources */ = {
			isa = PBXResourcesBuildPhase;
			buildActionMask = 2147483647;
			files = (
			);
			runOnlyForDeploymentPostprocessing = 0;
		};
/* End PBXResourcesBuildPhase section */

/* Begin PBXSourcesBuildPhase section */
		3B8D89E22DEEC37D00AE1944 /* Sources */ = {
			isa = PBXSourcesBuildPhase;
			buildActionMask = 2147483647;
			files = (
				3B5EC3322E1103710086A469 /* EveryTimeMappingView.swift in Sources */,
				3B5EC32A2E0D84510086A469 /* SavedYearAndSemesterView.swift in Sources */,
				3B5EC3052E0C15480086A469 /* FriendApi.swift in Sources */,
				3B5EC3062E0C15480086A469 /* FriendModel.swift in Sources */,
				3BEB2B7D2E1E26A500ABF7DD /* Modifier.swift in Sources */,
				3B5EC3072E0C15480086A469 /* FriendViewModel.swift in Sources */,
				3B5EC3082E0C15480086A469 /* FriendSearchView.swift in Sources */,
				3BEB2B832E1EB9C600ABF7DD /* TimetableOptionView.swift in Sources */,
				3B5EC3092E0C15480086A469 /* FriendView.swift in Sources */,
				3B5EC30A2E0C15480086A469 /* HomeView.swift in Sources */,
				3B5EC30B2E0C15480086A469 /* AuthAPI.swift in Sources */,
				3B5EC30C2E0C15480086A469 /* AuthModel.swift in Sources */,
				3B5EC30D2E0C15480086A469 /* AuthViewModel.swift in Sources */,
				3B5EC3282E0D19610086A469 /* MakedTimetableView.swift in Sources */,
				3B5EC30E2E0C15480086A469 /* KeychainManager.swift in Sources */,
				3BEB2B852E1F9FFF00ABF7DD /* CompareView.swift in Sources */,
				3B5EC3262E0C20B40086A469 /* SearchBarView.swift in Sources */,
				3B5EC30F2E0C15480086A469 /* LoginView.swift in Sources */,
				3B5EC3102E0C15480086A469 /* PasswordResetView.swift in Sources */,
				3B5EC3112E0C15480086A469 /* SchoolAuthView.swift in Sources */,
				3B5EC3122E0C15480086A469 /* SignUpView.swift in Sources */,
				3B5EC3302E0FFA280086A469 /* ActionCardButton.swift in Sources */,
				3BEB2B812E1E4A4200ABF7DD /* FriendListVIew.swift in Sources */,
				3B5EC3132E0C15480086A469 /* TermsAgreementView.swift in Sources */,
				3B5EC3142E0C15480086A469 /* SettingView.swift in Sources */,
				3B5EC3152E0C15480086A469 /* TimetableApi.swift in Sources */,
				3B5EC3162E0C15480086A469 /* TimetableModel.swift in Sources */,
				3B5EC32E2E0EEFCE0086A469 /* SavedTimetableView.swift in Sources */,
				3B5EC3172E0C15480086A469 /* TimetableViewModel.swift in Sources */,
				3B5EC3182E0C15480086A469 /* AutoCreateTimetableView.swift in Sources */,
				3BEB2B732E1785A000ABF7DD /* GenerateTimetableViewModel.swift in Sources */,
				3B5EC3192E0C15480086A469 /* CreateTimetableView.swift in Sources */,
				3B5EC31A2E0C15480086A469 /* SelectExcludeTimeView.swift in Sources */,
				3B5EC31B2E0C15480086A469 /* SelectLikeLecturesView.swift in Sources */,
				3B5EC31C2E0C15480086A469 /* TimetableView.swift in Sources */,
				3B5EC32C2E0E87890086A469 /* CustomCreateTimetableView.swift in Sources */,
				3B5EC31E2E0C15480086A469 /* TimetableView2.swift in Sources */,
				3B5EC31F2E0C15480086A469 /* AutoTimetableApp.swift in Sources */,
				3BEB2B7A2E1C326C00ABF7DD /* AuthPlugin.swift in Sources */,
				3B5EC3202E0C15480086A469 /* ContentView.swift in Sources */,
				3B5EC3212E0C15480086A469 /* SwiftUIView.swift in Sources */,
			);
			runOnlyForDeploymentPostprocessing = 0;
		};
		3B8D89F02DEEC37E00AE1944 /* Sources */ = {
			isa = PBXSourcesBuildPhase;
			buildActionMask = 2147483647;
			files = (
			);
			runOnlyForDeploymentPostprocessing = 0;
		};
		3B8D89FA2DEEC37E00AE1944 /* Sources */ = {
			isa = PBXSourcesBuildPhase;
			buildActionMask = 2147483647;
			files = (
			);
			runOnlyForDeploymentPostprocessing = 0;
		};
/* End PBXSourcesBuildPhase section */

/* Begin PBXTargetDependency section */
		3B8D89F62DEEC37E00AE1944 /* PBXTargetDependency */ = {
			isa = PBXTargetDependency;
			target = 3B8D89E52DEEC37D00AE1944 /* AutoTimetable */;
			targetProxy = 3B8D89F52DEEC37E00AE1944 /* PBXContainerItemProxy */;
		};
		3B8D8A002DEEC37E00AE1944 /* PBXTargetDependency */ = {
			isa = PBXTargetDependency;
			target = 3B8D89E52DEEC37D00AE1944 /* AutoTimetable */;
			targetProxy = 3B8D89FF2DEEC37E00AE1944 /* PBXContainerItemProxy */;
		};
/* End PBXTargetDependency section */

/* Begin XCBuildConfiguration section */
		3B8D8A062DEEC37E00AE1944 /* Debug */ = {
			isa = XCBuildConfiguration;
			buildSettings = {
				ALWAYS_SEARCH_USER_PATHS = NO;
				ASSETCATALOG_COMPILER_GENERATE_SWIFT_ASSET_SYMBOL_EXTENSIONS = YES;
				CLANG_ANALYZER_NONNULL = YES;
				CLANG_ANALYZER_NUMBER_OBJECT_CONVERSION = YES_AGGRESSIVE;
				CLANG_CXX_LANGUAGE_STANDARD = "gnu++20";
				CLANG_ENABLE_MODULES = YES;
				CLANG_ENABLE_OBJC_ARC = YES;
				CLANG_ENABLE_OBJC_WEAK = YES;
				CLANG_WARN_BLOCK_CAPTURE_AUTORELEASING = YES;
				CLANG_WARN_BOOL_CONVERSION = YES;
				CLANG_WARN_COMMA = YES;
				CLANG_WARN_CONSTANT_CONVERSION = YES;
				CLANG_WARN_DEPRECATED_OBJC_IMPLEMENTATIONS = YES;
				CLANG_WARN_DIRECT_OBJC_ISA_USAGE = YES_ERROR;
				CLANG_WARN_DOCUMENTATION_COMMENTS = YES;
				CLANG_WARN_EMPTY_BODY = YES;
				CLANG_WARN_ENUM_CONVERSION = YES;
				CLANG_WARN_INFINITE_RECURSION = YES;
				CLANG_WARN_INT_CONVERSION = YES;
				CLANG_WARN_NON_LITERAL_NULL_CONVERSION = YES;
				CLANG_WARN_OBJC_IMPLICIT_RETAIN_SELF = YES;
				CLANG_WARN_OBJC_LITERAL_CONVERSION = YES;
				CLANG_WARN_OBJC_ROOT_CLASS = YES_ERROR;
				CLANG_WARN_QUOTED_INCLUDE_IN_FRAMEWORK_HEADER = YES;
				CLANG_WARN_RANGE_LOOP_ANALYSIS = YES;
				CLANG_WARN_STRICT_PROTOTYPES = YES;
				CLANG_WARN_SUSPICIOUS_MOVE = YES;
				CLANG_WARN_UNGUARDED_AVAILABILITY = YES_AGGRESSIVE;
				CLANG_WARN_UNREACHABLE_CODE = YES;
				CLANG_WARN__DUPLICATE_METHOD_MATCH = YES;
				COPY_PHASE_STRIP = NO;
				DEBUG_INFORMATION_FORMAT = dwarf;
				DEVELOPMENT_TEAM = 9R3T6AUA7X;
				ENABLE_STRICT_OBJC_MSGSEND = YES;
				ENABLE_TESTABILITY = YES;
				ENABLE_USER_SCRIPT_SANDBOXING = YES;
				GCC_C_LANGUAGE_STANDARD = gnu17;
				GCC_DYNAMIC_NO_PIC = NO;
				GCC_NO_COMMON_BLOCKS = YES;
				GCC_OPTIMIZATION_LEVEL = 0;
				GCC_PREPROCESSOR_DEFINITIONS = (
					"DEBUG=1",
					"$(inherited)",
				);
				GCC_WARN_64_TO_32_BIT_CONVERSION = YES;
				GCC_WARN_ABOUT_RETURN_TYPE = YES_ERROR;
				GCC_WARN_UNDECLARED_SELECTOR = YES;
				GCC_WARN_UNINITIALIZED_AUTOS = YES_AGGRESSIVE;
				GCC_WARN_UNUSED_FUNCTION = YES;
				GCC_WARN_UNUSED_VARIABLE = YES;
				LOCALIZATION_PREFERS_STRING_CATALOGS = YES;
				MTL_ENABLE_DEBUG_INFO = INCLUDE_SOURCE;
				MTL_FAST_MATH = YES;
				ONLY_ACTIVE_ARCH = YES;
				SWIFT_ACTIVE_COMPILATION_CONDITIONS = "DEBUG $(inherited)";
				SWIFT_OPTIMIZATION_LEVEL = "-Onone";
			};
			name = Debug;
		};
		3B8D8A072DEEC37E00AE1944 /* Release */ = {
			isa = XCBuildConfiguration;
			buildSettings = {
				ALWAYS_SEARCH_USER_PATHS = NO;
				ASSETCATALOG_COMPILER_GENERATE_SWIFT_ASSET_SYMBOL_EXTENSIONS = YES;
				CLANG_ANALYZER_NONNULL = YES;
				CLANG_ANALYZER_NUMBER_OBJECT_CONVERSION = YES_AGGRESSIVE;
				CLANG_CXX_LANGUAGE_STANDARD = "gnu++20";
				CLANG_ENABLE_MODULES = YES;
				CLANG_ENABLE_OBJC_ARC = YES;
				CLANG_ENABLE_OBJC_WEAK = YES;
				CLANG_WARN_BLOCK_CAPTURE_AUTORELEASING = YES;
				CLANG_WARN_BOOL_CONVERSION = YES;
				CLANG_WARN_COMMA = YES;
				CLANG_WARN_CONSTANT_CONVERSION = YES;
				CLANG_WARN_DEPRECATED_OBJC_IMPLEMENTATIONS = YES;
				CLANG_WARN_DIRECT_OBJC_ISA_USAGE = YES_ERROR;
				CLANG_WARN_DOCUMENTATION_COMMENTS = YES;
				CLANG_WARN_EMPTY_BODY = YES;
				CLANG_WARN_ENUM_CONVERSION = YES;
				CLANG_WARN_INFINITE_RECURSION = YES;
				CLANG_WARN_INT_CONVERSION = YES;
				CLANG_WARN_NON_LITERAL_NULL_CONVERSION = YES;
				CLANG_WARN_OBJC_IMPLICIT_RETAIN_SELF = YES;
				CLANG_WARN_OBJC_LITERAL_CONVERSION = YES;
				CLANG_WARN_OBJC_ROOT_CLASS = YES_ERROR;
				CLANG_WARN_QUOTED_INCLUDE_IN_FRAMEWORK_HEADER = YES;
				CLANG_WARN_RANGE_LOOP_ANALYSIS = YES;
				CLANG_WARN_STRICT_PROTOTYPES = YES;
				CLANG_WARN_SUSPICIOUS_MOVE = YES;
				CLANG_WARN_UNGUARDED_AVAILABILITY = YES_AGGRESSIVE;
				CLANG_WARN_UNREACHABLE_CODE = YES;
				CLANG_WARN__DUPLICATE_METHOD_MATCH = YES;
				COPY_PHASE_STRIP = NO;
				DEBUG_INFORMATION_FORMAT = "dwarf-with-dsym";
				DEVELOPMENT_TEAM = 9R3T6AUA7X;
				ENABLE_NS_ASSERTIONS = NO;
				ENABLE_STRICT_OBJC_MSGSEND = YES;
				ENABLE_USER_SCRIPT_SANDBOXING = YES;
				GCC_C_LANGUAGE_STANDARD = gnu17;
				GCC_NO_COMMON_BLOCKS = YES;
				GCC_WARN_64_TO_32_BIT_CONVERSION = YES;
				GCC_WARN_ABOUT_RETURN_TYPE = YES_ERROR;
				GCC_WARN_UNDECLARED_SELECTOR = YES;
				GCC_WARN_UNINITIALIZED_AUTOS = YES_AGGRESSIVE;
				GCC_WARN_UNUSED_FUNCTION = YES;
				GCC_WARN_UNUSED_VARIABLE = YES;
				LOCALIZATION_PREFERS_STRING_CATALOGS = YES;
				MTL_ENABLE_DEBUG_INFO = NO;
				MTL_FAST_MATH = YES;
				SWIFT_COMPILATION_MODE = wholemodule;
			};
			name = Release;
		};
		3B8D8A092DEEC37E00AE1944 /* Debug */ = {
			isa = XCBuildConfiguration;
			buildSettings = {
				ASSETCATALOG_COMPILER_APPICON_NAME = AppIcon;
				ASSETCATALOG_COMPILER_GLOBAL_ACCENT_COLOR_NAME = AccentColor;
				CODE_SIGN_ENTITLEMENTS = AutoTimetable/AutoTimetable.entitlements;
				"CODE_SIGN_IDENTITY[sdk=macosx*]" = "-";
				CODE_SIGN_STYLE = Automatic;
				CURRENT_PROJECT_VERSION = 1;
				DEVELOPMENT_TEAM = 9R3T6AUA7X;
				ENABLE_HARDENED_RUNTIME = YES;
				ENABLE_PREVIEWS = YES;
				GENERATE_INFOPLIST_FILE = YES;
				INFOPLIST_FILE = AutoTimetable/Info.plist;
				"INFOPLIST_KEY_UIApplicationSceneManifest_Generation[sdk=iphoneos*]" = YES;
				"INFOPLIST_KEY_UIApplicationSceneManifest_Generation[sdk=iphonesimulator*]" = YES;
				"INFOPLIST_KEY_UIApplicationSupportsIndirectInputEvents[sdk=iphoneos*]" = YES;
				"INFOPLIST_KEY_UIApplicationSupportsIndirectInputEvents[sdk=iphonesimulator*]" = YES;
				"INFOPLIST_KEY_UILaunchScreen_Generation[sdk=iphoneos*]" = YES;
				"INFOPLIST_KEY_UILaunchScreen_Generation[sdk=iphonesimulator*]" = YES;
				"INFOPLIST_KEY_UIStatusBarStyle[sdk=iphoneos*]" = UIStatusBarStyleDefault;
				"INFOPLIST_KEY_UIStatusBarStyle[sdk=iphonesimulator*]" = UIStatusBarStyleDefault;
				INFOPLIST_KEY_UISupportedInterfaceOrientations_iPad = "UIInterfaceOrientationPortrait UIInterfaceOrientationPortraitUpsideDown UIInterfaceOrientationLandscapeLeft UIInterfaceOrientationLandscapeRight";
				INFOPLIST_KEY_UISupportedInterfaceOrientations_iPhone = "UIInterfaceOrientationPortrait UIInterfaceOrientationLandscapeLeft UIInterfaceOrientationLandscapeRight";
				IPHONEOS_DEPLOYMENT_TARGET = 18.5;
				LD_RUNPATH_SEARCH_PATHS = "@executable_path/Frameworks";
				"LD_RUNPATH_SEARCH_PATHS[sdk=macosx*]" = "@executable_path/../Frameworks";
				MACOSX_DEPLOYMENT_TARGET = 15.5;
				MARKETING_VERSION = 1.0;
				PRODUCT_BUNDLE_IDENTIFIER = fiddich.AutoTimetable;
				PRODUCT_NAME = "$(TARGET_NAME)";
				REGISTER_APP_GROUPS = YES;
				SDKROOT = auto;
				SUPPORTED_PLATFORMS = "iphoneos iphonesimulator macosx xros xrsimulator";
				SWIFT_EMIT_LOC_STRINGS = YES;
				SWIFT_VERSION = 5.0;
				TARGETED_DEVICE_FAMILY = "1,2,7";
				XROS_DEPLOYMENT_TARGET = 2.5;
			};
			name = Debug;
		};
		3B8D8A0A2DEEC37E00AE1944 /* Release */ = {
			isa = XCBuildConfiguration;
			buildSettings = {
				ASSETCATALOG_COMPILER_APPICON_NAME = AppIcon;
				ASSETCATALOG_COMPILER_GLOBAL_ACCENT_COLOR_NAME = AccentColor;
				CODE_SIGN_ENTITLEMENTS = AutoTimetable/AutoTimetable.entitlements;
				"CODE_SIGN_IDENTITY[sdk=macosx*]" = "-";
				CODE_SIGN_STYLE = Automatic;
				CURRENT_PROJECT_VERSION = 1;
				DEVELOPMENT_TEAM = 9R3T6AUA7X;
				ENABLE_HARDENED_RUNTIME = YES;
				ENABLE_PREVIEWS = YES;
				GENERATE_INFOPLIST_FILE = YES;
				INFOPLIST_FILE = AutoTimetable/Info.plist;
				"INFOPLIST_KEY_UIApplicationSceneManifest_Generation[sdk=iphoneos*]" = YES;
				"INFOPLIST_KEY_UIApplicationSceneManifest_Generation[sdk=iphonesimulator*]" = YES;
				"INFOPLIST_KEY_UIApplicationSupportsIndirectInputEvents[sdk=iphoneos*]" = YES;
				"INFOPLIST_KEY_UIApplicationSupportsIndirectInputEvents[sdk=iphonesimulator*]" = YES;
				"INFOPLIST_KEY_UILaunchScreen_Generation[sdk=iphoneos*]" = YES;
				"INFOPLIST_KEY_UILaunchScreen_Generation[sdk=iphonesimulator*]" = YES;
				"INFOPLIST_KEY_UIStatusBarStyle[sdk=iphoneos*]" = UIStatusBarStyleDefault;
				"INFOPLIST_KEY_UIStatusBarStyle[sdk=iphonesimulator*]" = UIStatusBarStyleDefault;
				INFOPLIST_KEY_UISupportedInterfaceOrientations_iPad = "UIInterfaceOrientationPortrait UIInterfaceOrientationPortraitUpsideDown UIInterfaceOrientationLandscapeLeft UIInterfaceOrientationLandscapeRight";
				INFOPLIST_KEY_UISupportedInterfaceOrientations_iPhone = "UIInterfaceOrientationPortrait UIInterfaceOrientationLandscapeLeft UIInterfaceOrientationLandscapeRight";
				IPHONEOS_DEPLOYMENT_TARGET = 18.5;
				LD_RUNPATH_SEARCH_PATHS = "@executable_path/Frameworks";
				"LD_RUNPATH_SEARCH_PATHS[sdk=macosx*]" = "@executable_path/../Frameworks";
				MACOSX_DEPLOYMENT_TARGET = 15.5;
				MARKETING_VERSION = 1.0;
				PRODUCT_BUNDLE_IDENTIFIER = fiddich.AutoTimetable;
				PRODUCT_NAME = "$(TARGET_NAME)";
				REGISTER_APP_GROUPS = YES;
				SDKROOT = auto;
				SUPPORTED_PLATFORMS = "iphoneos iphonesimulator macosx xros xrsimulator";
				SWIFT_EMIT_LOC_STRINGS = YES;
				SWIFT_VERSION = 5.0;
				TARGETED_DEVICE_FAMILY = "1,2,7";
				XROS_DEPLOYMENT_TARGET = 2.5;
			};
			name = Release;
		};
		3B8D8A0C2DEEC37E00AE1944 /* Debug */ = {
			isa = XCBuildConfiguration;
			buildSettings = {
				BUNDLE_LOADER = "$(TEST_HOST)";
				CODE_SIGN_STYLE = Automatic;
				CURRENT_PROJECT_VERSION = 1;
				DEVELOPMENT_TEAM = 9R3T6AUA7X;
				GENERATE_INFOPLIST_FILE = YES;
				IPHONEOS_DEPLOYMENT_TARGET = 18.5;
				MACOSX_DEPLOYMENT_TARGET = 15.5;
				MARKETING_VERSION = 1.0;
				PRODUCT_BUNDLE_IDENTIFIER = fiddich.AutoTimetableTests;
				PRODUCT_NAME = "$(TARGET_NAME)";
				SDKROOT = auto;
				SUPPORTED_PLATFORMS = "iphoneos iphonesimulator macosx xros xrsimulator";
				SWIFT_EMIT_LOC_STRINGS = NO;
				SWIFT_VERSION = 5.0;
				TARGETED_DEVICE_FAMILY = "1,2,7";
				TEST_HOST = "$(BUILT_PRODUCTS_DIR)/AutoTimetable.app/$(BUNDLE_EXECUTABLE_FOLDER_PATH)/AutoTimetable";
				XROS_DEPLOYMENT_TARGET = 2.5;
			};
			name = Debug;
		};
		3B8D8A0D2DEEC37E00AE1944 /* Release */ = {
			isa = XCBuildConfiguration;
			buildSettings = {
				BUNDLE_LOADER = "$(TEST_HOST)";
				CODE_SIGN_STYLE = Automatic;
				CURRENT_PROJECT_VERSION = 1;
				DEVELOPMENT_TEAM = 9R3T6AUA7X;
				GENERATE_INFOPLIST_FILE = YES;
				IPHONEOS_DEPLOYMENT_TARGET = 18.5;
				MACOSX_DEPLOYMENT_TARGET = 15.5;
				MARKETING_VERSION = 1.0;
				PRODUCT_BUNDLE_IDENTIFIER = fiddich.AutoTimetableTests;
				PRODUCT_NAME = "$(TARGET_NAME)";
				SDKROOT = auto;
				SUPPORTED_PLATFORMS = "iphoneos iphonesimulator macosx xros xrsimulator";
				SWIFT_EMIT_LOC_STRINGS = NO;
				SWIFT_VERSION = 5.0;
				TARGETED_DEVICE_FAMILY = "1,2,7";
				TEST_HOST = "$(BUILT_PRODUCTS_DIR)/AutoTimetable.app/$(BUNDLE_EXECUTABLE_FOLDER_PATH)/AutoTimetable";
				XROS_DEPLOYMENT_TARGET = 2.5;
			};
			name = Release;
		};
		3B8D8A0F2DEEC37E00AE1944 /* Debug */ = {
			isa = XCBuildConfiguration;
			buildSettings = {
				CODE_SIGN_STYLE = Automatic;
				CURRENT_PROJECT_VERSION = 1;
				DEVELOPMENT_TEAM = 9R3T6AUA7X;
				GENERATE_INFOPLIST_FILE = YES;
				IPHONEOS_DEPLOYMENT_TARGET = 18.5;
				MACOSX_DEPLOYMENT_TARGET = 15.5;
				MARKETING_VERSION = 1.0;
				PRODUCT_BUNDLE_IDENTIFIER = fiddich.AutoTimetableUITests;
				PRODUCT_NAME = "$(TARGET_NAME)";
				SDKROOT = auto;
				SUPPORTED_PLATFORMS = "iphoneos iphonesimulator macosx xros xrsimulator";
				SWIFT_EMIT_LOC_STRINGS = NO;
				SWIFT_VERSION = 5.0;
				TARGETED_DEVICE_FAMILY = "1,2,7";
				TEST_TARGET_NAME = AutoTimetable;
				XROS_DEPLOYMENT_TARGET = 2.5;
			};
			name = Debug;
		};
		3B8D8A102DEEC37E00AE1944 /* Release */ = {
			isa = XCBuildConfiguration;
			buildSettings = {
				CODE_SIGN_STYLE = Automatic;
				CURRENT_PROJECT_VERSION = 1;
				DEVELOPMENT_TEAM = 9R3T6AUA7X;
				GENERATE_INFOPLIST_FILE = YES;
				IPHONEOS_DEPLOYMENT_TARGET = 18.5;
				MACOSX_DEPLOYMENT_TARGET = 15.5;
				MARKETING_VERSION = 1.0;
				PRODUCT_BUNDLE_IDENTIFIER = fiddich.AutoTimetableUITests;
				PRODUCT_NAME = "$(TARGET_NAME)";
				SDKROOT = auto;
				SUPPORTED_PLATFORMS = "iphoneos iphonesimulator macosx xros xrsimulator";
				SWIFT_EMIT_LOC_STRINGS = NO;
				SWIFT_VERSION = 5.0;
				TARGETED_DEVICE_FAMILY = "1,2,7";
				TEST_TARGET_NAME = AutoTimetable;
				XROS_DEPLOYMENT_TARGET = 2.5;
			};
			name = Release;
		};
/* End XCBuildConfiguration section */

/* Begin XCConfigurationList section */
		3B8D89E12DEEC37C00AE1944 /* Build configuration list for PBXProject "AutoTimetable" */ = {
			isa = XCConfigurationList;
			buildConfigurations = (
				3B8D8A062DEEC37E00AE1944 /* Debug */,
				3B8D8A072DEEC37E00AE1944 /* Release */,
			);
			defaultConfigurationIsVisible = 0;
			defaultConfigurationName = Release;
		};
		3B8D8A082DEEC37E00AE1944 /* Build configuration list for PBXNativeTarget "AutoTimetable" */ = {
			isa = XCConfigurationList;
			buildConfigurations = (
				3B8D8A092DEEC37E00AE1944 /* Debug */,
				3B8D8A0A2DEEC37E00AE1944 /* Release */,
			);
			defaultConfigurationIsVisible = 0;
			defaultConfigurationName = Release;
		};
		3B8D8A0B2DEEC37E00AE1944 /* Build configuration list for PBXNativeTarget "AutoTimetableTests" */ = {
			isa = XCConfigurationList;
			buildConfigurations = (
				3B8D8A0C2DEEC37E00AE1944 /* Debug */,
				3B8D8A0D2DEEC37E00AE1944 /* Release */,
			);
			defaultConfigurationIsVisible = 0;
			defaultConfigurationName = Release;
		};
		3B8D8A0E2DEEC37E00AE1944 /* Build configuration list for PBXNativeTarget "AutoTimetableUITests" */ = {
			isa = XCConfigurationList;
			buildConfigurations = (
				3B8D8A0F2DEEC37E00AE1944 /* Debug */,
				3B8D8A102DEEC37E00AE1944 /* Release */,
			);
			defaultConfigurationIsVisible = 0;
			defaultConfigurationName = Release;
		};
/* End XCConfigurationList section */

/* Begin XCRemoteSwiftPackageReference section */
		3B5EC2942DF1730E0086A469 /* XCRemoteSwiftPackageReference "Moya" */ = {
			isa = XCRemoteSwiftPackageReference;
			repositoryURL = "https://github.com/Moya/Moya.git";
			requirement = {
				kind = upToNextMajorVersion;
				minimumVersion = 15.0.3;
			};
		};
		3B5EC2AE2DF195F10086A469 /* XCRemoteSwiftPackageReference "SwiftKeychainWrapper" */ = {
			isa = XCRemoteSwiftPackageReference;
			repositoryURL = "https://github.com/jrendel/SwiftKeychainWrapper";
			requirement = {
				kind = upToNextMajorVersion;
				minimumVersion = 4.0.1;
			};
		};
/* End XCRemoteSwiftPackageReference section */

/* Begin XCSwiftPackageProductDependency section */
		3B5EC2952DF1730E0086A469 /* CombineMoya */ = {
			isa = XCSwiftPackageProductDependency;
			package = 3B5EC2942DF1730E0086A469 /* XCRemoteSwiftPackageReference "Moya" */;
			productName = CombineMoya;
		};
		3B5EC2972DF1730E0086A469 /* Moya */ = {
			isa = XCSwiftPackageProductDependency;
			package = 3B5EC2942DF1730E0086A469 /* XCRemoteSwiftPackageReference "Moya" */;
			productName = Moya;
		};
		3B5EC2992DF1730E0086A469 /* ReactiveMoya */ = {
			isa = XCSwiftPackageProductDependency;
			package = 3B5EC2942DF1730E0086A469 /* XCRemoteSwiftPackageReference "Moya" */;
			productName = ReactiveMoya;
		};
		3B5EC29B2DF1730E0086A469 /* RxMoya */ = {
			isa = XCSwiftPackageProductDependency;
			package = 3B5EC2942DF1730E0086A469 /* XCRemoteSwiftPackageReference "Moya" */;
			productName = RxMoya;
		};
		3B5EC2AF2DF195F10086A469 /* SwiftKeychainWrapper */ = {
			isa = XCSwiftPackageProductDependency;
			package = 3B5EC2AE2DF195F10086A469 /* XCRemoteSwiftPackageReference "SwiftKeychainWrapper" */;
			productName = SwiftKeychainWrapper;
		};
/* End XCSwiftPackageProductDependency section */
	};
	rootObject = 3B8D89DE2DEEC37C00AE1944 /* Project object */;
}
